
Microsoft Visual Studio Solution File, Format Version 12.00
# Visual Studio 15
VisualStudioVersion = 15.0.28307.705
MinimumVisualStudioVersion = 10.0.40219.1
Project("{9A19103F-16F7-4668-BE54-9A1E7A4F7556}") = "PaymentReceived", "PaymentReceived\PaymentReceived.csproj", "{6AE1A319-6A7E-43FC-9B63-EEC61F9706DE}"
EndProject
Global
	GlobalSection(SolutionConfigurationPlatforms) = preSolution
		Debug|Any CPU = Debug|Any CPU
		Release|Any CPU = Release|Any CPU
	EndGlobalSection
	GlobalSection(ProjectConfigurationPlatforms) = postSolution
		{6AE1A319-6A7E-43FC-9B63-EEC61F9706DE}.Debug|Any CPU.ActiveCfg = Debug|Any CPU
		{6AE1A319-6A7E-43FC-9B63-EEC61F9706DE}.Debug|Any CPU.Build.0 = Debug|Any CPU
		{6AE1A319-6A7E-43FC-9B63-EEC61F9706DE}.Release|Any CPU.ActiveCfg = Release|Any CPU
		{6AE1A319-6A7E-43FC-9B63-EEC61F9706DE}.Release|Any CPU.Build.0 = Release|Any CPU
	EndGlobalSection
	GlobalSection(SolutionProperties) = preSolution
		HideSolutionNode = FALSE
	EndGlobalSection
	GlobalSection(ExtensibilityGlobals) = postSolution
		SolutionGuid = {52E737B9-D798-4EA0-9DE6-B33C3FF08CD4}
	EndGlobalSection
EndGlobal
